// !$*UTF8*$!
{
	archiveVersion = 1;
	classes = {
	};
	objectVersion = 50;
	objects = {

/* Begin PBXBuildFile section */
		1A0E904024F3B2CF00F8AD3E /* CacheDemo.xcdatamodeld in Sources */ = {isa = PBXBuildFile; fileRef = 1A0E903E24F3B2CF00F8AD3E /* CacheDemo.xcdatamodeld */; };
		1A0E904324F3B63100F8AD3E /* LCDiskCacheKeyCoreDataManager.m in Sources */ = {isa = PBXBuildFile; fileRef = 1A0E904224F3B63100F8AD3E /* LCDiskCacheKeyCoreDataManager.m */; };
		1A0E904624F3BE1E00F8AD3E /* DiskCacheKey+CoreDataClass.swift in Sources */ = {isa = PBXBuildFile; fileRef = 1A0E904524F3BE1E00F8AD3E /* DiskCacheKey+CoreDataClass.swift */; };
		1A0E904724F3BE1E00F8AD3E /* DiskCacheKey+CoreDataProperties.swift in Sources */ = {isa = PBXBuildFile; fileRef = 1A0E904424F3BE1E00F8AD3E /* DiskCacheKey+CoreDataProperties.swift */; };
		1A3735F424F24342003B5974 /* AppDelegate.m in Sources */ = {isa = PBXBuildFile; fileRef = 1A3735F324F24342003B5974 /* AppDelegate.m */; };
		1A3735F724F24342003B5974 /* SceneDelegate.m in Sources */ = {isa = PBXBuildFile; fileRef = 1A3735F624F24342003B5974 /* SceneDelegate.m */; };
		1A3735FA24F24342003B5974 /* ViewController.m in Sources */ = {isa = PBXBuildFile; fileRef = 1A3735F924F24342003B5974 /* ViewController.m */; };
		1A3735FD24F24342003B5974 /* Main.storyboard in Resources */ = {isa = PBXBuildFile; fileRef = 1A3735FB24F24342003B5974 /* Main.storyboard */; };
		1A3735FF24F24345003B5974 /* Assets.xcassets in Resources */ = {isa = PBXBuildFile; fileRef = 1A3735FE24F24345003B5974 /* Assets.xcassets */; };
		1A37360224F24345003B5974 /* LaunchScreen.storyboard in Resources */ = {isa = PBXBuildFile; fileRef = 1A37360024F24345003B5974 /* LaunchScreen.storyboard */; };
		1A37360524F24345003B5974 /* main.m in Sources */ = {isa = PBXBuildFile; fileRef = 1A37360424F24345003B5974 /* main.m */; };
		1A37361924F2456A003B5974 /* LCCircleListViewController.m in Sources */ = {isa = PBXBuildFile; fileRef = 1A37360C24F2456A003B5974 /* LCCircleListViewController.m */; };
		1A37361A24F2456A003B5974 /* LCShowAnimationController.m in Sources */ = {isa = PBXBuildFile; fileRef = 1A37360F24F2456A003B5974 /* LCShowAnimationController.m */; };
		1A37361B24F2456A003B5974 /* LCLinkedListNode.m in Sources */ = {isa = PBXBuildFile; fileRef = 1A37361524F2456A003B5974 /* LCLinkedListNode.m */; };
		1A37361C24F2456A003B5974 /* LCLRUManager.m in Sources */ = {isa = PBXBuildFile; fileRef = 1A37361624F2456A003B5974 /* LCLRUManager.m */; };
		1A37361E24F2456A003B5974 /* LCLinkedList.m in Sources */ = {isa = PBXBuildFile; fileRef = 1A37361824F2456A003B5974 /* LCLinkedList.m */; };
		1A37362424F2464E003B5974 /* DragImageView.m in Sources */ = {isa = PBXBuildFile; fileRef = 1A37362024F2464E003B5974 /* DragImageView.m */; };
		1A37362524F2464E003B5974 /* CircleView.m in Sources */ = {isa = PBXBuildFile; fileRef = 1A37362124F2464E003B5974 /* CircleView.m */; settings = {COMPILER_FLAGS = "-fno-objc-arc"; }; };
		1A37362B24F24CD5003B5974 /* LCDiskCacheManager.m in Sources */ = {isa = PBXBuildFile; fileRef = 1A37362A24F24CD5003B5974 /* LCDiskCacheManager.m */; };
		1A37362E24F26815003B5974 /* LCDiskCacheKeyManager.m in Sources */ = {isa = PBXBuildFile; fileRef = 1A37362D24F26815003B5974 /* LCDiskCacheKeyManager.m */; };
		1A37363024F26D29003B5974 /* libsqlite3.tbd in Frameworks */ = {isa = PBXBuildFile; fileRef = 1A37362F24F26D29003B5974 /* libsqlite3.tbd */; };
		1A37363324F271B7003B5974 /* LCDiskCacheKeyObject.m in Sources */ = {isa = PBXBuildFile; fileRef = 1A37363224F271B7003B5974 /* LCDiskCacheKeyObject.m */; };
		91337DA1E0D25DAD096C21D2 /* libPods-LCCacheDemo.a in Frameworks */ = {isa = PBXBuildFile; fileRef = C6E8C98246B745C0D3230D33 /* libPods-LCCacheDemo.a */; };
/* End PBXBuildFile section */

/* Begin PBXFileReference section */
		1A0E903F24F3B2CF00F8AD3E /* CacheDemo.xcdatamodel */ = {isa = PBXFileReference; lastKnownFileType = wrapper.xcdatamodel; path = CacheDemo.xcdatamodel; sourceTree = "<group>"; };
		1A0E904124F3B63100F8AD3E /* LCDiskCacheKeyCoreDataManager.h */ = {isa = PBXFileReference; lastKnownFileType = sourcecode.c.h; path = LCDiskCacheKeyCoreDataManager.h; sourceTree = "<group>"; };
		1A0E904224F3B63100F8AD3E /* LCDiskCacheKeyCoreDataManager.m */ = {isa = PBXFileReference; lastKnownFileType = sourcecode.c.objc; path = LCDiskCacheKeyCoreDataManager.m; sourceTree = "<group>"; };
		1A0E904424F3BE1E00F8AD3E /* DiskCacheKey+CoreDataProperties.swift */ = {isa = PBXFileReference; lastKnownFileType = sourcecode.swift; name = "DiskCacheKey+CoreDataProperties.swift"; path = "/Users/lichang/Documents/work/LCCacheDemo/LCCacheDemo/LCCache/DiskCacheKey+CoreDataProperties.swift"; sourceTree = "<absolute>"; };
		1A0E904524F3BE1E00F8AD3E /* DiskCacheKey+CoreDataClass.swift */ = {isa = PBXFileReference; lastKnownFileType = sourcecode.swift; name = "DiskCacheKey+CoreDataClass.swift"; path = "/Users/lichang/Documents/work/LCCacheDemo/LCCacheDemo/LCCache/DiskCacheKey+CoreDataClass.swift"; sourceTree = "<absolute>"; };
		1A3735EF24F24342003B5974 /* LCCacheDemo.app */ = {isa = PBXFileReference; explicitFileType = wrapper.application; includeInIndex = 0; path = LCCacheDemo.app; sourceTree = BUILT_PRODUCTS_DIR; };
		1A3735F224F24342003B5974 /* AppDelegate.h */ = {isa = PBXFileReference; lastKnownFileType = sourcecode.c.h; path = AppDelegate.h; sourceTree = "<group>"; };
		1A3735F324F24342003B5974 /* AppDelegate.m */ = {isa = PBXFileReference; lastKnownFileType = sourcecode.c.objc; path = AppDelegate.m; sourceTree = "<group>"; };
		1A3735F524F24342003B5974 /* SceneDelegate.h */ = {isa = PBXFileReference; lastKnownFileType = sourcecode.c.h; path = SceneDelegate.h; sourceTree = "<group>"; };
		1A3735F624F24342003B5974 /* SceneDelegate.m */ = {isa = PBXFileReference; lastKnownFileType = sourcecode.c.objc; path = SceneDelegate.m; sourceTree = "<group>"; };
		1A3735F824F24342003B5974 /* ViewController.h */ = {isa = PBXFileReference; lastKnownFileType = sourcecode.c.h; path = ViewController.h; sourceTree = "<group>"; };
		1A3735F924F24342003B5974 /* ViewController.m */ = {isa = PBXFileReference; lastKnownFileType = sourcecode.c.objc; path = ViewController.m; sourceTree = "<group>"; };
		1A3735FC24F24342003B5974 /* Base */ = {isa = PBXFileReference; lastKnownFileType = file.storyboard; name = Base; path = Base.lproj/Main.storyboard; sourceTree = "<group>"; };
		1A3735FE24F24345003B5974 /* Assets.xcassets */ = {isa = PBXFileReference; lastKnownFileType = folder.assetcatalog; path = Assets.xcassets; sourceTree = "<group>"; };
		1A37360124F24345003B5974 /* Base */ = {isa = PBXFileReference; lastKnownFileType = file.storyboard; name = Base; path = Base.lproj/LaunchScreen.storyboard; sourceTree = "<group>"; };
		1A37360324F24345003B5974 /* Info.plist */ = {isa = PBXFileReference; lastKnownFileType = text.plist.xml; path = Info.plist; sourceTree = "<group>"; };
		1A37360424F24345003B5974 /* main.m */ = {isa = PBXFileReference; lastKnownFileType = sourcecode.c.objc; path = main.m; sourceTree = "<group>"; };
		1A37360C24F2456A003B5974 /* LCCircleListViewController.m */ = {isa = PBXFileReference; fileEncoding = 4; lastKnownFileType = sourcecode.c.objc; path = LCCircleListViewController.m; sourceTree = "<group>"; };
		1A37360D24F2456A003B5974 /* LCShowAnimationController.h */ = {isa = PBXFileReference; fileEncoding = 4; lastKnownFileType = sourcecode.c.h; path = LCShowAnimationController.h; sourceTree = "<group>"; };
		1A37360E24F2456A003B5974 /* LCCircleListViewController.h */ = {isa = PBXFileReference; fileEncoding = 4; lastKnownFileType = sourcecode.c.h; path = LCCircleListViewController.h; sourceTree = "<group>"; };
		1A37360F24F2456A003B5974 /* LCShowAnimationController.m */ = {isa = PBXFileReference; fileEncoding = 4; lastKnownFileType = sourcecode.c.objc; path = LCShowAnimationController.m; sourceTree = "<group>"; };
		1A37361124F2456A003B5974 /* LCLinkedListNode.h */ = {isa = PBXFileReference; fileEncoding = 4; lastKnownFileType = sourcecode.c.h; path = LCLinkedListNode.h; sourceTree = "<group>"; };
		1A37361224F2456A003B5974 /* LCLRUManager.h */ = {isa = PBXFileReference; fileEncoding = 4; lastKnownFileType = sourcecode.c.h; path = LCLRUManager.h; sourceTree = "<group>"; };
		1A37361324F2456A003B5974 /* LCLinkedList.h */ = {isa = PBXFileReference; fileEncoding = 4; lastKnownFileType = sourcecode.c.h; path = LCLinkedList.h; sourceTree = "<group>"; };
		1A37361524F2456A003B5974 /* LCLinkedListNode.m */ = {isa = PBXFileReference; fileEncoding = 4; lastKnownFileType = sourcecode.c.objc; path = LCLinkedListNode.m; sourceTree = "<group>"; };
		1A37361624F2456A003B5974 /* LCLRUManager.m */ = {isa = PBXFileReference; fileEncoding = 4; lastKnownFileType = sourcecode.c.objc; path = LCLRUManager.m; sourceTree = "<group>"; };
		1A37361824F2456A003B5974 /* LCLinkedList.m */ = {isa = PBXFileReference; fileEncoding = 4; lastKnownFileType = sourcecode.c.objc; path = LCLinkedList.m; sourceTree = "<group>"; };
		1A37362024F2464E003B5974 /* DragImageView.m */ = {isa = PBXFileReference; fileEncoding = 4; lastKnownFileType = sourcecode.c.objc; path = DragImageView.m; sourceTree = "<group>"; };
		1A37362124F2464E003B5974 /* CircleView.m */ = {isa = PBXFileReference; fileEncoding = 4; lastKnownFileType = sourcecode.c.objc; path = CircleView.m; sourceTree = "<group>"; };
		1A37362224F2464E003B5974 /* DragImageView.h */ = {isa = PBXFileReference; fileEncoding = 4; lastKnownFileType = sourcecode.c.h; path = DragImageView.h; sourceTree = "<group>"; };
		1A37362324F2464E003B5974 /* CircleView.h */ = {isa = PBXFileReference; fileEncoding = 4; lastKnownFileType = sourcecode.c.h; path = CircleView.h; sourceTree = "<group>"; };
		1A37362924F24CD5003B5974 /* LCDiskCacheManager.h */ = {isa = PBXFileReference; lastKnownFileType = sourcecode.c.h; path = LCDiskCacheManager.h; sourceTree = "<group>"; };
		1A37362A24F24CD5003B5974 /* LCDiskCacheManager.m */ = {isa = PBXFileReference; lastKnownFileType = sourcecode.c.objc; path = LCDiskCacheManager.m; sourceTree = "<group>"; };
		1A37362C24F26815003B5974 /* LCDiskCacheKeyManager.h */ = {isa = PBXFileReference; lastKnownFileType = sourcecode.c.h; path = LCDiskCacheKeyManager.h; sourceTree = "<group>"; };
		1A37362D24F26815003B5974 /* LCDiskCacheKeyManager.m */ = {isa = PBXFileReference; lastKnownFileType = sourcecode.c.objc; path = LCDiskCacheKeyManager.m; sourceTree = "<group>"; };
		1A37362F24F26D29003B5974 /* libsqlite3.tbd */ = {isa = PBXFileReference; lastKnownFileType = "sourcecode.text-based-dylib-definition"; name = libsqlite3.tbd; path = usr/lib/libsqlite3.tbd; sourceTree = SDKROOT; };
		1A37363124F271B7003B5974 /* LCDiskCacheKeyObject.h */ = {isa = PBXFileReference; lastKnownFileType = sourcecode.c.h; path = LCDiskCacheKeyObject.h; sourceTree = "<group>"; };
		1A37363224F271B7003B5974 /* LCDiskCacheKeyObject.m */ = {isa = PBXFileReference; lastKnownFileType = sourcecode.c.objc; path = LCDiskCacheKeyObject.m; sourceTree = "<group>"; };
		1DB9E17E5CE100C4F3A82D67 /* Pods-LCCacheDemo.debug.xcconfig */ = {isa = PBXFileReference; includeInIndex = 1; lastKnownFileType = text.xcconfig; name = "Pods-LCCacheDemo.debug.xcconfig"; path = "Target Support Files/Pods-LCCacheDemo/Pods-LCCacheDemo.debug.xcconfig"; sourceTree = "<group>"; };
		BFF6FCCEAD6531EF2E4F4316 /* Pods-LCCacheDemo.release.xcconfig */ = {isa = PBXFileReference; includeInIndex = 1; lastKnownFileType = text.xcconfig; name = "Pods-LCCacheDemo.release.xcconfig"; path = "Target Support Files/Pods-LCCacheDemo/Pods-LCCacheDemo.release.xcconfig"; sourceTree = "<group>"; };
		C6E8C98246B745C0D3230D33 /* libPods-LCCacheDemo.a */ = {isa = PBXFileReference; explicitFileType = archive.ar; includeInIndex = 0; path = "libPods-LCCacheDemo.a"; sourceTree = BUILT_PRODUCTS_DIR; };
/* End PBXFileReference section */

/* Begin PBXFrameworksBuildPhase section */
		1A3735EC24F24342003B5974 /* Frameworks */ = {
			isa = PBXFrameworksBuildPhase;
			buildActionMask = 2147483647;
			files = (
				1A37363024F26D29003B5974 /* libsqlite3.tbd in Frameworks */,
				91337DA1E0D25DAD096C21D2 /* libPods-LCCacheDemo.a in Frameworks */,
			);
			runOnlyForDeploymentPostprocessing = 0;
		};
/* End PBXFrameworksBuildPhase section */

/* Begin PBXGroup section */
		0475657FCBF8B4D8032C9206 /* Frameworks */ = {
			isa = PBXGroup;
			children = (
				1A37362F24F26D29003B5974 /* libsqlite3.tbd */,
				C6E8C98246B745C0D3230D33 /* libPods-LCCacheDemo.a */,
			);
			name = Frameworks;
			sourceTree = "<group>";
		};
		1A3735E624F24342003B5974 = {
			isa = PBXGroup;
			children = (
				1A3735F124F24342003B5974 /* LCCacheDemo */,
				1A3735F024F24342003B5974 /* Products */,
				42B68DE92B250C822B039E9C /* Pods */,
				0475657FCBF8B4D8032C9206 /* Frameworks */,
			);
			sourceTree = "<group>";
		};
		1A3735F024F24342003B5974 /* Products */ = {
			isa = PBXGroup;
			children = (
				1A3735EF24F24342003B5974 /* LCCacheDemo.app */,
			);
			name = Products;
			sourceTree = "<group>";
		};
		1A3735F124F24342003B5974 /* LCCacheDemo */ = {
			isa = PBXGroup;
			children = (
				1A3735F224F24342003B5974 /* AppDelegate.h */,
				1A3735F324F24342003B5974 /* AppDelegate.m */,
				1A3735F524F24342003B5974 /* SceneDelegate.h */,
				1A3735F624F24342003B5974 /* SceneDelegate.m */,
				1A3735F824F24342003B5974 /* ViewController.h */,
				1A3735F924F24342003B5974 /* ViewController.m */,
				1A3735FB24F24342003B5974 /* Main.storyboard */,
				1A3735FE24F24345003B5974 /* Assets.xcassets */,
				1A37360024F24345003B5974 /* LaunchScreen.storyboard */,
				1A37360324F24345003B5974 /* Info.plist */,
				1A37360424F24345003B5974 /* main.m */,
				1A37360B24F2456A003B5974 /* DemoDisplay */,
				1A37361024F2456A003B5974 /* LCCache */,
			);
			path = LCCacheDemo;
			sourceTree = "<group>";
		};
		1A37360B24F2456A003B5974 /* DemoDisplay */ = {
			isa = PBXGroup;
			children = (
				1A37360E24F2456A003B5974 /* LCCircleListViewController.h */,
				1A37360C24F2456A003B5974 /* LCCircleListViewController.m */,
				1A37360D24F2456A003B5974 /* LCShowAnimationController.h */,
				1A37360F24F2456A003B5974 /* LCShowAnimationController.m */,
				1A37361F24F2464E003B5974 /* View */,
			);
			path = DemoDisplay;
			sourceTree = "<group>";
		};
		1A37361024F2456A003B5974 /* LCCache */ = {
			isa = PBXGroup;
			children = (
				1A37361124F2456A003B5974 /* LCLinkedListNode.h */,
				1A37361524F2456A003B5974 /* LCLinkedListNode.m */,
				1A37361224F2456A003B5974 /* LCLRUManager.h */,
				1A37361624F2456A003B5974 /* LCLRUManager.m */,
				1A37361324F2456A003B5974 /* LCLinkedList.h */,
				1A37361824F2456A003B5974 /* LCLinkedList.m */,
				1A37362924F24CD5003B5974 /* LCDiskCacheManager.h */,
				1A37362A24F24CD5003B5974 /* LCDiskCacheManager.m */,
				1A0E904124F3B63100F8AD3E /* LCDiskCacheKeyCoreDataManager.h */,
				1A0E904224F3B63100F8AD3E /* LCDiskCacheKeyCoreDataManager.m */,
				1A0E903E24F3B2CF00F8AD3E /* CacheDemo.xcdatamodeld */,
				1A0E904524F3BE1E00F8AD3E /* DiskCacheKey+CoreDataClass.swift */,
				1A0E904424F3BE1E00F8AD3E /* DiskCacheKey+CoreDataProperties.swift */,
				1A37362C24F26815003B5974 /* LCDiskCacheKeyManager.h */,
				1A37362D24F26815003B5974 /* LCDiskCacheKeyManager.m */,
				1A37363124F271B7003B5974 /* LCDiskCacheKeyObject.h */,
				1A37363224F271B7003B5974 /* LCDiskCacheKeyObject.m */,
			);
			path = LCCache;
			sourceTree = "<group>";
		};
		1A37361F24F2464E003B5974 /* View */ = {
			isa = PBXGroup;
			children = (
				1A37362224F2464E003B5974 /* DragImageView.h */,
				1A37362024F2464E003B5974 /* DragImageView.m */,
				1A37362324F2464E003B5974 /* CircleView.h */,
				1A37362124F2464E003B5974 /* CircleView.m */,
			);
			path = View;
			sourceTree = "<group>";
		};
		42B68DE92B250C822B039E9C /* Pods */ = {
			isa = PBXGroup;
			children = (
				1DB9E17E5CE100C4F3A82D67 /* Pods-LCCacheDemo.debug.xcconfig */,
				BFF6FCCEAD6531EF2E4F4316 /* Pods-LCCacheDemo.release.xcconfig */,
			);
			path = Pods;
			sourceTree = "<group>";
		};
/* End PBXGroup section */

/* Begin PBXNativeTarget section */
		1A3735EE24F24342003B5974 /* LCCacheDemo */ = {
			isa = PBXNativeTarget;
			buildConfigurationList = 1A37360824F24345003B5974 /* Build configuration list for PBXNativeTarget "LCCacheDemo" */;
			buildPhases = (
				E8F44FDDD5CB18DFA3614851 /* [CP] Check Pods Manifest.lock */,
				1A3735EB24F24342003B5974 /* Sources */,
				1A3735EC24F24342003B5974 /* Frameworks */,
				1A3735ED24F24342003B5974 /* Resources */,
			);
			buildRules = (
			);
			dependencies = (
			);
			name = LCCacheDemo;
			productName = LCCacheDemo;
			productReference = 1A3735EF24F24342003B5974 /* LCCacheDemo.app */;
			productType = "com.apple.product-type.application";
		};
/* End PBXNativeTarget section */

/* Begin PBXProject section */
		1A3735E724F24342003B5974 /* Project object */ = {
			isa = PBXProject;
			attributes = {
				LastUpgradeCheck = 1160;
				ORGANIZATIONNAME = "李畅";
				TargetAttributes = {
					1A3735EE24F24342003B5974 = {
						CreatedOnToolsVersion = 11.6;
					};
				};
			};
			buildConfigurationList = 1A3735EA24F24342003B5974 /* Build configuration list for PBXProject "LCCacheDemo" */;
			compatibilityVersion = "Xcode 9.3";
			developmentRegion = en;
			hasScannedForEncodings = 0;
			knownRegions = (
				en,
				Base,
			);
			mainGroup = 1A3735E624F24342003B5974;
			productRefGroup = 1A3735F024F24342003B5974 /* Products */;
			projectDirPath = "";
			projectRoot = "";
			targets = (
				1A3735EE24F24342003B5974 /* LCCacheDemo */,
			);
		};
/* End PBXProject section */

/* Begin PBXResourcesBuildPhase section */
		1A3735ED24F24342003B5974 /* Resources */ = {
			isa = PBXResourcesBuildPhase;
			buildActionMask = 2147483647;
			files = (
				1A37360224F24345003B5974 /* LaunchScreen.storyboard in Resources */,
				1A3735FF24F24345003B5974 /* Assets.xcassets in Resources */,
				1A3735FD24F24342003B5974 /* Main.storyboard in Resources */,
			);
			runOnlyForDeploymentPostprocessing = 0;
		};
/* End PBXResourcesBuildPhase section */

/* Begin PBXShellScriptBuildPhase section */
		E8F44FDDD5CB18DFA3614851 /* [CP] Check Pods Manifest.lock */ = {
			isa = PBXShellScriptBuildPhase;
			buildActionMask = 2147483647;
			files = (
			);
			inputFileListPaths = (
			);
			inputPaths = (
				"${PODS_PODFILE_DIR_PATH}/Podfile.lock",
				"${PODS_ROOT}/Manifest.lock",
			);
			name = "[CP] Check Pods Manifest.lock";
			outputFileListPaths = (
			);
			outputPaths = (
				"$(DERIVED_FILE_DIR)/Pods-LCCacheDemo-checkManifestLockResult.txt",
			);
			runOnlyForDeploymentPostprocessing = 0;
			shellPath = /bin/sh;
			shellScript = "diff \"${PODS_PODFILE_DIR_PATH}/Podfile.lock\" \"${PODS_ROOT}/Manifest.lock\" > /dev/null\nif [ $? != 0 ] ; then\n    # print error to STDERR\n    echo \"error: The sandbox is not in sync with the Podfile.lock. Run 'pod install' or update your CocoaPods installation.\" >&2\n    exit 1\nfi\n# This output is used by Xcode 'outputs' to avoid re-running this script phase.\necho \"SUCCESS\" > \"${SCRIPT_OUTPUT_FILE_0}\"\n";
			showEnvVarsInLog = 0;
		};
/* End PBXShellScriptBuildPhase section */

/* Begin PBXSourcesBuildPhase section */
		1A3735EB24F24342003B5974 /* Sources */ = {
			isa = PBXSourcesBuildPhase;
			buildActionMask = 2147483647;
			files = (
				1A0E904624F3BE1E00F8AD3E /* DiskCacheKey+CoreDataClass.swift in Sources */,
				1A0E904024F3B2CF00F8AD3E /* CacheDemo.xcdatamodeld in Sources */,
				1A37361A24F2456A003B5974 /* LCShowAnimationController.m in Sources */,
				1A3735FA24F24342003B5974 /* ViewController.m in Sources */,
				1A37361E24F2456A003B5974 /* LCLinkedList.m in Sources */,
				1A37362B24F24CD5003B5974 /* LCDiskCacheManager.m in Sources */,
				1A37361B24F2456A003B5974 /* LCLinkedListNode.m in Sources */,
				1A37361924F2456A003B5974 /* LCCircleListViewController.m in Sources */,
				1A3735F424F24342003B5974 /* AppDelegate.m in Sources */,
				1A0E904724F3BE1E00F8AD3E /* DiskCacheKey+CoreDataProperties.swift in Sources */,
				1A37362424F2464E003B5974 /* DragImageView.m in Sources */,
				1A37362524F2464E003B5974 /* CircleView.m in Sources */,
				1A37360524F24345003B5974 /* main.m in Sources */,
				1A37361C24F2456A003B5974 /* LCLRUManager.m in Sources */,
				1A37363324F271B7003B5974 /* LCDiskCacheKeyObject.m in Sources */,
				1A37362E24F26815003B5974 /* LCDiskCacheKeyManager.m in Sources */,
				1A3735F724F24342003B5974 /* SceneDelegate.m in Sources */,
				1A0E904324F3B63100F8AD3E /* LCDiskCacheKeyCoreDataManager.m in Sources */,
			);
			runOnlyForDeploymentPostprocessing = 0;
		};
/* End PBXSourcesBuildPhase section */

/* Begin PBXVariantGroup section */
		1A3735FB24F24342003B5974 /* Main.storyboard */ = {
			isa = PBXVariantGroup;
			children = (
				1A3735FC24F24342003B5974 /* Base */,
			);
			name = Main.storyboard;
			sourceTree = "<group>";
		};
		1A37360024F24345003B5974 /* LaunchScreen.storyboard */ = {
			isa = PBXVariantGroup;
			children = (
				1A37360124F24345003B5974 /* Base */,
			);
			name = LaunchScreen.storyboard;
			sourceTree = "<group>";
		};
/* End PBXVariantGroup section */

/* Begin XCBuildConfiguration section */
		1A37360624F24345003B5974 /* Debug */ = {
			isa = XCBuildConfiguration;
			buildSettings = {
				ALWAYS_SEARCH_USER_PATHS = NO;
				CLANG_ANALYZER_NONNULL = YES;
				CLANG_ANALYZER_NUMBER_OBJECT_CONVERSION = YES_AGGRESSIVE;
				CLANG_CXX_LANGUAGE_STANDARD = "gnu++14";
				CLANG_CXX_LIBRARY = "libc++";
				CLANG_ENABLE_MODULES = YES;
				CLANG_ENABLE_OBJC_ARC = YES;
				CLANG_ENABLE_OBJC_WEAK = YES;
				CLANG_WARN_BLOCK_CAPTURE_AUTORELEASING = YES;
				CLANG_WARN_BOOL_CONVERSION = YES;
				CLANG_WARN_COMMA = YES;
				CLANG_WARN_CONSTANT_CONVERSION = YES;
				CLANG_WARN_DEPRECATED_OBJC_IMPLEMENTATIONS = YES;
				CLANG_WARN_DIRECT_OBJC_ISA_USAGE = YES_ERROR;
				CLANG_WARN_DOCUMENTATION_COMMENTS = YES;
				CLANG_WARN_EMPTY_BODY = YES;
				CLANG_WARN_ENUM_CONVERSION = YES;
				CLANG_WARN_INFINITE_RECURSION = YES;
				CLANG_WARN_INT_CONVERSION = YES;
				CLANG_WARN_NON_LITERAL_NULL_CONVERSION = YES;
				CLANG_WARN_OBJC_IMPLICIT_RETAIN_SELF = YES;
				CLANG_WARN_OBJC_LITERAL_CONVERSION = YES;
				CLANG_WARN_OBJC_ROOT_CLASS = YES_ERROR;
				CLANG_WARN_RANGE_LOOP_ANALYSIS = YES;
				CLANG_WARN_STRICT_PROTOTYPES = YES;
				CLANG_WARN_SUSPICIOUS_MOVE = YES;
				CLANG_WARN_UNGUARDED_AVAILABILITY = YES_AGGRESSIVE;
				CLANG_WARN_UNREACHABLE_CODE = YES;
				CLANG_WARN__DUPLICATE_METHOD_MATCH = YES;
				COPY_PHASE_STRIP = NO;
				DEBUG_INFORMATION_FORMAT = dwarf;
				ENABLE_STRICT_OBJC_MSGSEND = YES;
				ENABLE_TESTABILITY = YES;
				GCC_C_LANGUAGE_STANDARD = gnu11;
				GCC_DYNAMIC_NO_PIC = NO;
				GCC_NO_COMMON_BLOCKS = YES;
				GCC_OPTIMIZATION_LEVEL = 0;
				GCC_PREPROCESSOR_DEFINITIONS = (
					"DEBUG=1",
					"$(inherited)",
				);
				GCC_WARN_64_TO_32_BIT_CONVERSION = YES;
				GCC_WARN_ABOUT_RETURN_TYPE = YES_ERROR;
				GCC_WARN_UNDECLARED_SELECTOR = YES;
				GCC_WARN_UNINITIALIZED_AUTOS = YES_AGGRESSIVE;
				GCC_WARN_UNUSED_FUNCTION = YES;
				GCC_WARN_UNUSED_VARIABLE = YES;
				IPHONEOS_DEPLOYMENT_TARGET = 13.6;
				MTL_ENABLE_DEBUG_INFO = INCLUDE_SOURCE;
				MTL_FAST_MATH = YES;
				ONLY_ACTIVE_ARCH = YES;
				SDKROOT = iphoneos;
			};
			name = Debug;
		};
		1A37360724F24345003B5974 /* Release */ = {
			isa = XCBuildConfiguration;
			buildSettings = {
				ALWAYS_SEARCH_USER_PATHS = NO;
				CLANG_ANALYZER_NONNULL = YES;
				CLANG_ANALYZER_NUMBER_OBJECT_CONVERSION = YES_AGGRESSIVE;
				CLANG_CXX_LANGUAGE_STANDARD = "gnu++14";
				CLANG_CXX_LIBRARY = "libc++";
				CLANG_ENABLE_MODULES = YES;
				CLANG_ENABLE_OBJC_ARC = YES;
				CLANG_ENABLE_OBJC_WEAK = YES;
				CLANG_WARN_BLOCK_CAPTURE_AUTORELEASING = YES;
				CLANG_WARN_BOOL_CONVERSION = YES;
				CLANG_WARN_COMMA = YES;
				CLANG_WARN_CONSTANT_CONVERSION = YES;
				CLANG_WARN_DEPRECATED_OBJC_IMPLEMENTATIONS = YES;
				CLANG_WARN_DIRECT_OBJC_ISA_USAGE = YES_ERROR;
				CLANG_WARN_DOCUMENTATION_COMMENTS = YES;
				CLANG_WARN_EMPTY_BODY = YES;
				CLANG_WARN_ENUM_CONVERSION = YES;
				CLANG_WARN_INFINITE_RECURSION = YES;
				CLANG_WARN_INT_CONVERSION = YES;
				CLANG_WARN_NON_LITERAL_NULL_CONVERSION = YES;
				CLANG_WARN_OBJC_IMPLICIT_RETAIN_SELF = YES;
				CLANG_WARN_OBJC_LITERAL_CONVERSION = YES;
				CLANG_WARN_OBJC_ROOT_CLASS = YES_ERROR;
				CLANG_WARN_RANGE_LOOP_ANALYSIS = YES;
				CLANG_WARN_STRICT_PROTOTYPES = YES;
				CLANG_WARN_SUSPICIOUS_MOVE = YES;
				CLANG_WARN_UNGUARDED_AVAILABILITY = YES_AGGRESSIVE;
				CLANG_WARN_UNREACHABLE_CODE = YES;
				CLANG_WARN__DUPLICATE_METHOD_MATCH = YES;
				COPY_PHASE_STRIP = NO;
				DEBUG_INFORMATION_FORMAT = "dwarf-with-dsym";
				ENABLE_NS_ASSERTIONS = NO;
				ENABLE_STRICT_OBJC_MSGSEND = YES;
				GCC_C_LANGUAGE_STANDARD = gnu11;
				GCC_NO_COMMON_BLOCKS = YES;
				GCC_WARN_64_TO_32_BIT_CONVERSION = YES;
				GCC_WARN_ABOUT_RETURN_TYPE = YES_ERROR;
				GCC_WARN_UNDECLARED_SELECTOR = YES;
				GCC_WARN_UNINITIALIZED_AUTOS = YES_AGGRESSIVE;
				GCC_WARN_UNUSED_FUNCTION = YES;
				GCC_WARN_UNUSED_VARIABLE = YES;
				IPHONEOS_DEPLOYMENT_TARGET = 13.6;
				MTL_ENABLE_DEBUG_INFO = NO;
				MTL_FAST_MATH = YES;
				SDKROOT = iphoneos;
				VALIDATE_PRODUCT = YES;
			};
			name = Release;
		};
		1A37360924F24345003B5974 /* Debug */ = {
			isa = XCBuildConfiguration;
			baseConfigurationReference = 1DB9E17E5CE100C4F3A82D67 /* Pods-LCCacheDemo.debug.xcconfig */;
			buildSettings = {
				ASSETCATALOG_COMPILER_APPICON_NAME = AppIcon;
				CODE_SIGN_STYLE = Automatic;
				INFOPLIST_FILE = LCCacheDemo/Info.plist;
				LD_RUNPATH_SEARCH_PATHS = (
					"$(inherited)",
					"@executable_path/Frameworks",
				);
				PRODUCT_BUNDLE_IDENTIFIER = com.tencent.maxwellli.LCCacheDemo;
				PRODUCT_NAME = "$(TARGET_NAME)";
				SWIFT_VERSION = 5.0;
				TARGETED_DEVICE_FAMILY = "1,2";
			};
			name = Debug;
		};
		1A37360A24F24345003B5974 /* Release */ = {
			isa = XCBuildConfiguration;
			baseConfigurationReference = BFF6FCCEAD6531EF2E4F4316 /* Pods-LCCacheDemo.release.xcconfig */;
			buildSettings = {
				ASSETCATALOG_COMPILER_APPICON_NAME = AppIcon;
				CODE_SIGN_STYLE = Automatic;
				INFOPLIST_FILE = LCCacheDemo/Info.plist;
				LD_RUNPATH_SEARCH_PATHS = (
					"$(inherited)",
					"@executable_path/Frameworks",
				);
				PRODUCT_BUNDLE_IDENTIFIER = com.tencent.maxwellli.LCCacheDemo;
				PRODUCT_NAME = "$(TARGET_NAME)";
				SWIFT_VERSION = 5.0;
				TARGETED_DEVICE_FAMILY = "1,2";
			};
			name = Release;
		};
/* End XCBuildConfiguration section */

/* Begin XCConfigurationList section */
		1A3735EA24F24342003B5974 /* Build configuration list for PBXProject "LCCacheDemo" */ = {
			isa = XCConfigurationList;
			buildConfigurations = (
				1A37360624F24345003B5974 /* Debug */,
				1A37360724F24345003B5974 /* Release */,
			);
			defaultConfigurationIsVisible = 0;
			defaultConfigurationName = Release;
		};
		1A37360824F24345003B5974 /* Build configuration list for PBXNativeTarget "LCCacheDemo" */ = {
			isa = XCConfigurationList;
			buildConfigurations = (
				1A37360924F24345003B5974 /* Debug */,
				1A37360A24F24345003B5974 /* Release */,
			);
			defaultConfigurationIsVisible = 0;
			defaultConfigurationName = Release;
		};
/* End XCConfigurationList section */

/* Begin XCVersionGroup section */
		1A0E903E24F3B2CF00F8AD3E /* CacheDemo.xcdatamodeld */ = {
			isa = XCVersionGroup;
			children = (
				1A0E903F24F3B2CF00F8AD3E /* CacheDemo.xcdatamodel */,
			);
			currentVersion = 1A0E903F24F3B2CF00F8AD3E /* CacheDemo.xcdatamodel */;
			path = CacheDemo.xcdatamodeld;
			sourceTree = "<group>";
			versionGroupType = wrapper.xcdatamodel;
		};
/* End XCVersionGroup section */
	};
	rootObject = 1A3735E724F24342003B5974 /* Project object */;
}
